# This file was autogenerated by Stack.
# You should not edit this file by hand.
# For more information, please see the documentation at:
#   https://docs.haskellstack.org/en/stable/lock_files

packages:
- completed:
    hackage: sqlite-simple-0.4.18.2@sha256:dda1643e723591c880dda8eeba73e93502cfa775078a79da55b5efec4c52ff66,3028
    pantry-tree:
      size: 1930
      sha256: 64443740f279b344aecb3389ec8f69ea04d171916a9ed23f8fa529dd3ae75540
  original:
    hackage: sqlite-simple-0.4.18.2@sha256:dda1643e723591c880dda8eeba73e93502cfa775078a79da55b5efec4c52ff66,3028
- completed:
    hackage: direct-sqlite-2.3.27@sha256:94207d3018da3bda84bc6ce00d2c0236ced7edb37afbd726ed2a0bfa236e149b,3771
    pantry-tree:
      size: 770
      sha256: c7f5afe70db567e2cf9f3119b49f4b402705e6bd08ed8ba98747a64a8a0bef41
  original:
    hackage: direct-sqlite-2.3.27@sha256:94207d3018da3bda84bc6ce00d2c0236ced7edb37afbd726ed2a0bfa236e149b,3771
- completed:
    hackage: HDBC-sqlite3-2.3.3.1@sha256:5025fd94d02b9b3f0b8b8233796dd9a85a0b3dda6503c6e671e3eddbc51cb4d4,2424
    pantry-tree:
      size: 1427
      sha256: 76e71f73502350ed3fe5fc64604a21a3c8027d49fe6846183d53dbdaf583437a
  original:
    hackage: HDBC-sqlite3-2.3.3.1@sha256:5025fd94d02b9b3f0b8b8233796dd9a85a0b3dda6503c6e671e3eddbc51cb4d4,2424
- completed:
    hackage: persistable-record-0.6.0.5@sha256:0ba4ceca681b5eb7ec9e57adea54c781cbe0cb8014d037b5fa024e8738cf644f,3180
    pantry-tree:
      size: 970
      sha256: a1e0e8947b3be4be3ea24bbc2a928b56acf067d128dd8613608656eec9d47148
  original:
    hackage: persistable-record-0.6.0.5@sha256:0ba4ceca681b5eb7ec9e57adea54c781cbe0cb8014d037b5fa024e8738cf644f,3180
- completed:
    subdir: relational-query
    name: relational-query
    version: 0.12.2.3
    git: https://github.com/Tarmean/haskell-relational-record/
    pantry-tree:
      size: 5595
      sha256: c50fcf90122a09296daca7a83cc9e1ec05484672d5394000cd9fa0dac5831d50
    commit: 3c0ef6b8a906f3dfaf0bdbe3d80699d777136957
  original:
    subdir: relational-query
    git: https://github.com/Tarmean/haskell-relational-record/
    commit: 3c0ef6b8a906f3dfaf0bdbe3d80699d777136957
- completed:
    hackage: relational-query-HDBC-0.7.2.0@sha256:e68a11962963628a1489b0dc6a9abae4e53c667e35d3c6eadcbb561b70d76c74,4280
    pantry-tree:
      size: 1867
      sha256: 4b3f510839e2f7765a8ddefb4103afd34834e7c1d797fb904de8bb46dd8ac45a
  original:
    hackage: relational-query-HDBC-0.7.2.0@sha256:e68a11962963628a1489b0dc6a9abae4e53c667e35d3c6eadcbb561b70d76c74,4280
- completed:
    hackage: relational-schemas-0.1.8.0@sha256:31b679fc1fa73cd88e6798ed089cd83876919c7f84952fae8794702be94fd9de,6138
    pantry-tree:
      size: 5126
      sha256: 2019acbbedf08a43ac6f5a1186dd687c02ac5df7ac9d6cf7a2735b2fcc050710
  original:
    hackage: relational-schemas-0.1.8.0@sha256:31b679fc1fa73cd88e6798ed089cd83876919c7f84952fae8794702be94fd9de,6138
- completed:
    name: product-isomorphic
    version: 0.0.3.3
    git: https://github.com/Tarmean/haskell-product-isomorphic/
    pantry-tree:
      size: 1053
      sha256: 2b60cbdb57ff53b10d1c700a9fc6bd943efb6cec8fe89671beb688fc9c6cf9d9
    commit: 1afd4b733b6a694e4e02236a27a5b269623ad2ec
  original:
    git: https://github.com/Tarmean/haskell-product-isomorphic/
    commit: 1afd4b733b6a694e4e02236a27a5b269623ad2ec
- completed:
    hackage: th-data-compat-0.1.1.0@sha256:b573080b9e5bd6ee517294f8129fe26eab1ce3b896940636a77b330e6aee2411,2698
    pantry-tree:
      size: 743
      sha256: 4bec38e7e1cf0fcbadf1b74de16095ee23b9708cd8bad3e26fe63dcf6b2cb066
  original:
    hackage: th-data-compat-0.1.1.0@sha256:b573080b9e5bd6ee517294f8129fe26eab1ce3b896940636a77b330e6aee2411,2698
- completed:
    hackage: large-anon-0.1.1@sha256:ee3bc027ef9373ebb6d9f9cf73be68a40cc153b91c133340e583e36388569f0a,5883
    pantry-tree:
      size: 5400
      sha256: 2535166856f97add5f0264d03851a995acd5aa622d72273f952e9ef2df9efa40
  original:
    hackage: large-anon-0.1.1@sha256:ee3bc027ef9373ebb6d9f9cf73be68a40cc153b91c133340e583e36388569f0a,5883
- completed:
    hackage: ghc-tcplugin-api-0.8.0.0@sha256:46e361987b7c0027b4009ce47d4d9ab7e98a5ab3471204c77f32e1f03e4ce20d,4592
    pantry-tree:
      size: 498
      sha256: 25fa98a61a1c45fcb983791e9fd0a9ce5379123450398881439f762d3582b43a
  original:
    hackage: ghc-tcplugin-api-0.8.0.0@sha256:46e361987b7c0027b4009ce47d4d9ab7e98a5ab3471204c77f32e1f03e4ce20d,4592
- completed:
    hackage: large-generics-0.2.0.0@sha256:18551694243f5862dd4fc810718fd2e799ec14e330db392a50ef98b1e938191e,2755
    pantry-tree:
      size: 1903
      sha256: aad7a91ef54222ef7ce845b273faa20aa5663abbc86b0dfa19fb6739b34cc99b
  original:
    hackage: large-generics-0.2.0.0@sha256:18551694243f5862dd4fc810718fd2e799ec14e330db392a50ef98b1e938191e,2755
- completed:
    hackage: typelet-0.1.2@sha256:06f1b2c03095a0963efff6fb686a68c7777d9432bcd62153ce50acf7c6305f4a,2741
    pantry-tree:
      size: 834
      sha256: 27e9884ba20277dc14d8309c1188379cbd8831875b15a51c7ed87cd434a57b09
  original:
    hackage: typelet-0.1.2@sha256:06f1b2c03095a0963efff6fb686a68c7777d9432bcd62153ce50acf7c6305f4a,2741
snapshots:
- completed:
    size: 646690
    url: https://raw.githubusercontent.com/commercialhaskell/stackage-snapshots/master/nightly/2022/11/3.yaml
    sha256: 5201b267da5c16bde723e0401eed332c96035edd55250a947089a7d9417b7ecc
  original:
    url: https://raw.githubusercontent.com/commercialhaskell/stackage-snapshots/master/nightly/2022/11/3.yaml
