# This file was autogenerated by Stack.
# You should not edit this file by hand.
# For more information, please see the documentation at:
#   https://docs.haskellstack.org/en/stable/lock_files

packages:
- completed:
    hackage: sqlite-simple-0.4.18.2@sha256:dda1643e723591c880dda8eeba73e93502cfa775078a79da55b5efec4c52ff66,3028
    pantry-tree:
      size: 1930
      sha256: 64443740f279b344aecb3389ec8f69ea04d171916a9ed23f8fa529dd3ae75540
  original:
    hackage: sqlite-simple-0.4.18.2@sha256:dda1643e723591c880dda8eeba73e93502cfa775078a79da55b5efec4c52ff66,3028
- completed:
    hackage: direct-sqlite-2.3.27@sha256:94207d3018da3bda84bc6ce00d2c0236ced7edb37afbd726ed2a0bfa236e149b,3771
    pantry-tree:
      size: 770
      sha256: c7f5afe70db567e2cf9f3119b49f4b402705e6bd08ed8ba98747a64a8a0bef41
  original:
    hackage: direct-sqlite-2.3.27@sha256:94207d3018da3bda84bc6ce00d2c0236ced7edb37afbd726ed2a0bfa236e149b,3771
- completed:
    hackage: HDBC-sqlite3-2.3.3.1@sha256:5025fd94d02b9b3f0b8b8233796dd9a85a0b3dda6503c6e671e3eddbc51cb4d4,2424
    pantry-tree:
      size: 1427
      sha256: 76e71f73502350ed3fe5fc64604a21a3c8027d49fe6846183d53dbdaf583437a
  original:
    hackage: HDBC-sqlite3-2.3.3.1@sha256:5025fd94d02b9b3f0b8b8233796dd9a85a0b3dda6503c6e671e3eddbc51cb4d4,2424
- completed:
    hackage: persistable-record-0.6.0.5@sha256:0ba4ceca681b5eb7ec9e57adea54c781cbe0cb8014d037b5fa024e8738cf644f,3180
    pantry-tree:
      size: 970
      sha256: a1e0e8947b3be4be3ea24bbc2a928b56acf067d128dd8613608656eec9d47148
  original:
    hackage: persistable-record-0.6.0.5@sha256:0ba4ceca681b5eb7ec9e57adea54c781cbe0cb8014d037b5fa024e8738cf644f,3180
- completed:
    subdir: relational-query
    name: relational-query
    version: 0.12.2.3
    git: https://github.com/Tarmean/haskell-relational-record/
    pantry-tree:
      size: 5595
      sha256: 194e3e4ac602965b7450ebcdcd3971705d52440908fcc57066693af7ed9425c1
    commit: 894ddd3ff4d76b9e679e2f6f690394bc2ab9871c
  original:
    subdir: relational-query
    git: https://github.com/Tarmean/haskell-relational-record/
    commit: 894ddd3ff4d76b9e679e2f6f690394bc2ab9871c
- completed:
    hackage: relational-query-HDBC-0.7.2.0@sha256:e68a11962963628a1489b0dc6a9abae4e53c667e35d3c6eadcbb561b70d76c74,4280
    pantry-tree:
      size: 1867
      sha256: 4b3f510839e2f7765a8ddefb4103afd34834e7c1d797fb904de8bb46dd8ac45a
  original:
    hackage: relational-query-HDBC-0.7.2.0@sha256:e68a11962963628a1489b0dc6a9abae4e53c667e35d3c6eadcbb561b70d76c74,4280
- completed:
    hackage: relational-schemas-0.1.8.0@sha256:31b679fc1fa73cd88e6798ed089cd83876919c7f84952fae8794702be94fd9de,6138
    pantry-tree:
      size: 5126
      sha256: 2019acbbedf08a43ac6f5a1186dd687c02ac5df7ac9d6cf7a2735b2fcc050710
  original:
    hackage: relational-schemas-0.1.8.0@sha256:31b679fc1fa73cd88e6798ed089cd83876919c7f84952fae8794702be94fd9de,6138
- completed:
    name: product-isomorphic
    version: 0.0.3.3
    git: https://github.com/Tarmean/haskell-product-isomorphic/
    pantry-tree:
      size: 1053
      sha256: 2b60cbdb57ff53b10d1c700a9fc6bd943efb6cec8fe89671beb688fc9c6cf9d9
    commit: 1afd4b733b6a694e4e02236a27a5b269623ad2ec
  original:
    git: https://github.com/Tarmean/haskell-product-isomorphic/
    commit: 1afd4b733b6a694e4e02236a27a5b269623ad2ec
- completed:
    hackage: th-data-compat-0.1.1.0@sha256:b573080b9e5bd6ee517294f8129fe26eab1ce3b896940636a77b330e6aee2411,2698
    pantry-tree:
      size: 743
      sha256: 4bec38e7e1cf0fcbadf1b74de16095ee23b9708cd8bad3e26fe63dcf6b2cb066
  original:
    hackage: th-data-compat-0.1.1.0@sha256:b573080b9e5bd6ee517294f8129fe26eab1ce3b896940636a77b330e6aee2411,2698
snapshots:
- completed:
    size: 554661
    url: https://raw.githubusercontent.com/commercialhaskell/stackage-snapshots/master/nightly/2022/4/28.yaml
    sha256: eb778a9c971802e22068265fb7b14d357c3eb7d76229402b9444a3db1a2bc153
  original:
    url: https://raw.githubusercontent.com/commercialhaskell/stackage-snapshots/master/nightly/2022/4/28.yaml
